
Microsoft Visual Studio Solution File, Format Version 12.00
# Visual Studio Version 17
VisualStudioVersion = 17.4.33110.190
MinimumVisualStudioVersion = 10.0.40219.1
Project("{9A19103F-16F7-4668-BE54-9A1E7A4F7556}") = "DynamicCRUD.Metadata", "DynamicCRUD.Metadata\DynamicCRUD.Metadata.csproj", "{62939177-3F39-4452-B5CD-222649B35803}"
EndProject
Project("{9A19103F-16F7-4668-BE54-9A1E7A4F7556}") = "DynamicContextConsoleClient", "DynamicContextConsoleClient\DynamicContextConsoleClient.csproj", "{36FFD42B-9699-4D43-B631-A4C717028C54}"
EndProject
Project("{9A19103F-16F7-4668-BE54-9A1E7A4F7556}") = "WebApplication1", "WebApplication1\WebApplication1.csproj", "{5FD4E22F-0030-45DA-A687-861AE7FF7B77}"
EndProject
Project("{9A19103F-16F7-4668-BE54-9A1E7A4F7556}") = "DataAccess", "DataAccess\DataAccess.csproj", "{324639C0-B9A5-42B9-A506-E387E4BC183C}"
EndProject
Global
	GlobalSection(SolutionConfigurationPlatforms) = preSolution
		Debug|Any CPU = Debug|Any CPU
		Release|Any CPU = Release|Any CPU
	EndGlobalSection
	GlobalSection(ProjectConfigurationPlatforms) = postSolution
		{62939177-3F39-4452-B5CD-222649B35803}.Debug|Any CPU.ActiveCfg = Debug|Any CPU
		{62939177-3F39-4452-B5CD-222649B35803}.Debug|Any CPU.Build.0 = Debug|Any CPU
		{62939177-3F39-4452-B5CD-222649B35803}.Release|Any CPU.ActiveCfg = Release|Any CPU
		{62939177-3F39-4452-B5CD-222649B35803}.Release|Any CPU.Build.0 = Release|Any CPU
		{36FFD42B-9699-4D43-B631-A4C717028C54}.Debug|Any CPU.ActiveCfg = Debug|Any CPU
		{36FFD42B-9699-4D43-B631-A4C717028C54}.Debug|Any CPU.Build.0 = Debug|Any CPU
		{36FFD42B-9699-4D43-B631-A4C717028C54}.Release|Any CPU.ActiveCfg = Release|Any CPU
		{36FFD42B-9699-4D43-B631-A4C717028C54}.Release|Any CPU.Build.0 = Release|Any CPU
		{5FD4E22F-0030-45DA-A687-861AE7FF7B77}.Debug|Any CPU.ActiveCfg = Debug|Any CPU
		{5FD4E22F-0030-45DA-A687-861AE7FF7B77}.Debug|Any CPU.Build.0 = Debug|Any CPU
		{5FD4E22F-0030-45DA-A687-861AE7FF7B77}.Release|Any CPU.ActiveCfg = Release|Any CPU
		{5FD4E22F-0030-45DA-A687-861AE7FF7B77}.Release|Any CPU.Build.0 = Release|Any CPU
		{324639C0-B9A5-42B9-A506-E387E4BC183C}.Debug|Any CPU.ActiveCfg = Debug|Any CPU
		{324639C0-B9A5-42B9-A506-E387E4BC183C}.Debug|Any CPU.Build.0 = Debug|Any CPU
		{324639C0-B9A5-42B9-A506-E387E4BC183C}.Release|Any CPU.ActiveCfg = Release|Any CPU
		{324639C0-B9A5-42B9-A506-E387E4BC183C}.Release|Any CPU.Build.0 = Release|Any CPU
	EndGlobalSection
	GlobalSection(SolutionProperties) = preSolution
		HideSolutionNode = FALSE
	EndGlobalSection
	GlobalSection(ExtensibilityGlobals) = postSolution
		SolutionGuid = {56CF98A4-E621-4441-8D58-39BC0A08E38F}
	EndGlobalSection
EndGlobal
